
Microsoft Visual Studio Solution File, Format Version 12.00
# Visual Studio 15
VisualStudioVersion = 15.0.27130.2027
MinimumVisualStudioVersion = 10.0.40219.1
Project("{888888A0-9F3D-457C-B088-3A5042F75D52}") = "Pygame Quiz", "Pygame Quiz\Pygame Quiz.pyproj", "{050796ED-BBBA-42D0-9065-4EFCA41CA540}"
EndProject
Global
	GlobalSection(SolutionConfigurationPlatforms) = preSolution
		Debug|Any CPU = Debug|Any CPU
		Release|Any CPU = Release|Any CPU
	EndGlobalSection
	GlobalSection(ProjectConfigurationPlatforms) = postSolution
		{050796ED-BBBA-42D0-9065-4EFCA41CA540}.Debug|Any CPU.ActiveCfg = Debug|Any CPU
		{050796ED-BBBA-42D0-9065-4EFCA41CA540}.Release|Any CPU.ActiveCfg = Release|Any CPU
	EndGlobalSection
	GlobalSection(SolutionProperties) = preSolution
		HideSolutionNode = FALSE
	EndGlobalSection
	GlobalSection(ExtensibilityGlobals) = postSolution
		SolutionGuid = {AA298743-47C9-4D3A-B3A8-876178CB9318}
	EndGlobalSection
EndGlobal
